
Microsoft Visual Studio Solution File, Format Version 12.00
# Visual Studio 15
VisualStudioVersion = 15.0.27703.2035
MinimumVisualStudioVersion = 10.0.40219.1
Project("{FAE04EC0-301F-11D3-BF4B-00C04F79EFBC}") = "BasicWebEvents", "BasicWebEvents\BasicWebEvents.csproj", "{53B331BC-9C34-44E6-AFDC-95628637A3A9}"
EndProject
Project("{FAE04EC0-301F-11D3-BF4B-00C04F79EFBC}") = "BasicWindowsEvents", "BasicWindowsEvents\BasicWindowsEvents.csproj", "{3446A4E3-575B-4338-BBD4-15FEE3454724}"
EndProject
Project("{FAE04EC0-301F-11D3-BF4B-00C04F79EFBC}") = "DelegatesAndEvents", "DelegatesAndEvents\DelegatesAndEvents.csproj", "{C1C1BCF0-9FFB-423E-871C-6DBB84AA2954}"
EndProject
Project("{FAE04EC0-301F-11D3-BF4B-00C04F79EFBC}") = "ThreadsAndDelegates", "ThreadsAndDelegates\ThreadsAndDelegates.csproj", "{8319FF23-3D14-44EE-9A71-46E0CECBD2EC}"
EndProject
Global
	GlobalSection(SolutionConfigurationPlatforms) = preSolution
		Debug|Any CPU = Debug|Any CPU
		Release|Any CPU = Release|Any CPU
	EndGlobalSection
	GlobalSection(ProjectConfigurationPlatforms) = postSolution
		{53B331BC-9C34-44E6-AFDC-95628637A3A9}.Debug|Any CPU.ActiveCfg = Debug|Any CPU
		{53B331BC-9C34-44E6-AFDC-95628637A3A9}.Debug|Any CPU.Build.0 = Debug|Any CPU
		{53B331BC-9C34-44E6-AFDC-95628637A3A9}.Release|Any CPU.ActiveCfg = Release|Any CPU
		{53B331BC-9C34-44E6-AFDC-95628637A3A9}.Release|Any CPU.Build.0 = Release|Any CPU
		{3446A4E3-575B-4338-BBD4-15FEE3454724}.Debug|Any CPU.ActiveCfg = Debug|Any CPU
		{3446A4E3-575B-4338-BBD4-15FEE3454724}.Debug|Any CPU.Build.0 = Debug|Any CPU
		{3446A4E3-575B-4338-BBD4-15FEE3454724}.Release|Any CPU.ActiveCfg = Release|Any CPU
		{3446A4E3-575B-4338-BBD4-15FEE3454724}.Release|Any CPU.Build.0 = Release|Any CPU
		{C1C1BCF0-9FFB-423E-871C-6DBB84AA2954}.Debug|Any CPU.ActiveCfg = Debug|Any CPU
		{C1C1BCF0-9FFB-423E-871C-6DBB84AA2954}.Debug|Any CPU.Build.0 = Debug|Any CPU
		{C1C1BCF0-9FFB-423E-871C-6DBB84AA2954}.Release|Any CPU.ActiveCfg = Release|Any CPU
		{C1C1BCF0-9FFB-423E-871C-6DBB84AA2954}.Release|Any CPU.Build.0 = Release|Any CPU
		{8319FF23-3D14-44EE-9A71-46E0CECBD2EC}.Debug|Any CPU.ActiveCfg = Debug|Any CPU
		{8319FF23-3D14-44EE-9A71-46E0CECBD2EC}.Debug|Any CPU.Build.0 = Debug|Any CPU
		{8319FF23-3D14-44EE-9A71-46E0CECBD2EC}.Release|Any CPU.ActiveCfg = Release|Any CPU
		{8319FF23-3D14-44EE-9A71-46E0CECBD2EC}.Release|Any CPU.Build.0 = Release|Any CPU
	EndGlobalSection
	GlobalSection(SolutionProperties) = preSolution
		HideSolutionNode = FALSE
	EndGlobalSection
	GlobalSection(ExtensibilityGlobals) = postSolution
		SolutionGuid = {E9502219-D8F7-461D-A60C-E7366DFF66C8}
	EndGlobalSection
EndGlobal
